
Microsoft Visual Studio Solution File, Format Version 12.00
# Visual Studio 14
VisualStudioVersion = 14.0.25420.1
MinimumVisualStudioVersion = 10.0.40219.1
Project("{2150E333-8FDC-42A3-9474-1A3956D46DE8}") = "1- Infrastructure（基础层）", "1- Infrastructure（基础层）", "{AFEAA4F5-3D0D-4251-8AFD-8D61D4B4DB94}"
EndProject
Project("{2150E333-8FDC-42A3-9474-1A3956D46DE8}") = "2- Core (核心层)", "2- Core (核心层)", "{9FDB9EB2-5B28-4352-B576-E64DE1C6A9A2}"
EndProject
Project("{2150E333-8FDC-42A3-9474-1A3956D46DE8}") = "3- Application (应用层)", "3- Application (应用层)", "{DF4AA9EC-FDBD-4805-988B-65CF4152AF55}"
EndProject
Project("{2150E333-8FDC-42A3-9474-1A3956D46DE8}") = "4- Presentation (展现层)", "4- Presentation (展现层)", "{7A277E54-2A4C-4793-AC60-89A6C8EC37DA}"
EndProject
Project("{FAE04EC0-301F-11D3-BF4B-00C04F79EFBC}") = "GanGao.Component.Data", "GanGao.Component.Data\GanGao.Component.Data.csproj", "{5843B398-CF35-46E4-9E5D-382EC52DFC48}"
EndProject
Project("{FAE04EC0-301F-11D3-BF4B-00C04F79EFBC}") = "GanGao.Component.Tools", "GanGao.Component.Tools\GanGao.Component.Tools.csproj", "{FD27858A-C094-49D0-82B2-3EC60447ECA3}"
EndProject
Project("{FAE04EC0-301F-11D3-BF4B-00C04F79EFBC}") = "GanGao.School.Core", "GanGao.School.Core\GanGao.School.Core.csproj", "{E2573644-33CF-4180-9334-7EA6E6421C51}"
EndProject
Project("{FAE04EC0-301F-11D3-BF4B-00C04F79EFBC}") = "GanGao.School.Core.Data", "GanGao.School.Core.Data\GanGao.School.Core.Data.csproj", "{1692008E-0F1B-449A-A1A1-EF3E5C40394E}"
EndProject
Project("{FAE04EC0-301F-11D3-BF4B-00C04F79EFBC}") = "GanGao.School.Core.Models", "GanGao.School.Core.Models\GanGao.School.Core.Models.csproj", "{2AA9D9BE-A13C-426A-B0B6-BC00F9042AB2}"
EndProject
Project("{FAE04EC0-301F-11D3-BF4B-00C04F79EFBC}") = "GanGao.School.Core.ViewModels", "GanGao.School.Core.ViewModels\GanGao.School.Core.ViewModels.csproj", "{33040C98-D977-4824-917C-DE1955B1965E}"
EndProject
Project("{2150E333-8FDC-42A3-9474-1A3956D46DE8}") = "5-Test(测试项目)", "5-Test(测试项目)", "{E90FEC8F-BFA6-421D-BAF4-A344C27BEBA0}"
EndProject
Project("{FAE04EC0-301F-11D3-BF4B-00C04F79EFBC}") = "School.Test.TestCore.Data", "School.Test.TestCore.Data\School.Test.TestCore.Data.csproj", "{83A286BF-823B-4011-96F9-C0626B0CCE71}"
EndProject
Project("{FAE04EC0-301F-11D3-BF4B-00C04F79EFBC}") = "GanGao.School.Core.Infrastructure", "GanGao.School.Infrastructure\GanGao.School.Core.Infrastructure.csproj", "{D0247DB3-31A3-4302-B474-37B8C00DA204}"
EndProject
Project("{FAE04EC0-301F-11D3-BF4B-00C04F79EFBC}") = "GanGao.School.Core.Data.Infrastructure", "GanGao.School.Core.Data.Infrastructure\GanGao.School.Core.Data.Infrastructure.csproj", "{86B792A1-6BC1-488C-96C1-2CD85690C258}"
EndProject
Project("{FAE04EC0-301F-11D3-BF4B-00C04F79EFBC}") = "GanGao.Component.Data.Infrastructure", "GanGao.Component.Data.Infrastructure\GanGao.Component.Data.Infrastructure.csproj", "{E83FEAF0-6BB9-411B-AADC-EF9C13A4B33E}"
EndProject
Project("{FAE04EC0-301F-11D3-BF4B-00C04F79EFBC}") = "GanGao.Hash", "GanGao.Hash\GanGao.Hash.csproj", "{6DF1E237-57A4-4072-B263-86E3BCB64F21}"
EndProject
Project("{FAE04EC0-301F-11D3-BF4B-00C04F79EFBC}") = "GanGao.School.API", "GanGao.School.API\GanGao.School.API.csproj", "{89F11A4C-B3A5-41D9-96F6-5F87E8244BD9}"
EndProject
Project("{FAE04EC0-301F-11D3-BF4B-00C04F79EFBC}") = "GanGao.School.API.HostSelf", "GGanGao.School.API.HostSelf\GanGao.School.API.HostSelf.csproj", "{EAA88AE6-D021-470B-A7B1-F169DF8E382B}"
EndProject
Project("{FAE04EC0-301F-11D3-BF4B-00C04F79EFBC}") = "GanGao.School.OAuth.Providers", "GanGao.School.OAuth.Providers\GanGao.School.OAuth.Providers.csproj", "{748A121B-6DDE-4C99-A7FE-ED97B81AF0C1}"
EndProject
Global
	GlobalSection(SolutionConfigurationPlatforms) = preSolution
		Debug|Any CPU = Debug|Any CPU
		Release|Any CPU = Release|Any CPU
	EndGlobalSection
	GlobalSection(ProjectConfigurationPlatforms) = postSolution
		{5843B398-CF35-46E4-9E5D-382EC52DFC48}.Debug|Any CPU.ActiveCfg = Debug|Any CPU
		{5843B398-CF35-46E4-9E5D-382EC52DFC48}.Debug|Any CPU.Build.0 = Debug|Any CPU
		{5843B398-CF35-46E4-9E5D-382EC52DFC48}.Release|Any CPU.ActiveCfg = Release|Any CPU
		{5843B398-CF35-46E4-9E5D-382EC52DFC48}.Release|Any CPU.Build.0 = Release|Any CPU
		{FD27858A-C094-49D0-82B2-3EC60447ECA3}.Debug|Any CPU.ActiveCfg = Debug|Any CPU
		{FD27858A-C094-49D0-82B2-3EC60447ECA3}.Debug|Any CPU.Build.0 = Debug|Any CPU
		{FD27858A-C094-49D0-82B2-3EC60447ECA3}.Release|Any CPU.ActiveCfg = Release|Any CPU
		{FD27858A-C094-49D0-82B2-3EC60447ECA3}.Release|Any CPU.Build.0 = Release|Any CPU
		{E2573644-33CF-4180-9334-7EA6E6421C51}.Debug|Any CPU.ActiveCfg = Debug|Any CPU
		{E2573644-33CF-4180-9334-7EA6E6421C51}.Debug|Any CPU.Build.0 = Debug|Any CPU
		{E2573644-33CF-4180-9334-7EA6E6421C51}.Release|Any CPU.ActiveCfg = Release|Any CPU
		{E2573644-33CF-4180-9334-7EA6E6421C51}.Release|Any CPU.Build.0 = Release|Any CPU
		{1692008E-0F1B-449A-A1A1-EF3E5C40394E}.Debug|Any CPU.ActiveCfg = Debug|Any CPU
		{1692008E-0F1B-449A-A1A1-EF3E5C40394E}.Debug|Any CPU.Build.0 = Debug|Any CPU
		{1692008E-0F1B-449A-A1A1-EF3E5C40394E}.Release|Any CPU.ActiveCfg = Release|Any CPU
		{1692008E-0F1B-449A-A1A1-EF3E5C40394E}.Release|Any CPU.Build.0 = Release|Any CPU
		{2AA9D9BE-A13C-426A-B0B6-BC00F9042AB2}.Debug|Any CPU.ActiveCfg = Debug|Any CPU
		{2AA9D9BE-A13C-426A-B0B6-BC00F9042AB2}.Debug|Any CPU.Build.0 = Debug|Any CPU
		{2AA9D9BE-A13C-426A-B0B6-BC00F9042AB2}.Release|Any CPU.ActiveCfg = Release|Any CPU
		{2AA9D9BE-A13C-426A-B0B6-BC00F9042AB2}.Release|Any CPU.Build.0 = Release|Any CPU
		{33040C98-D977-4824-917C-DE1955B1965E}.Debug|Any CPU.ActiveCfg = Debug|Any CPU
		{33040C98-D977-4824-917C-DE1955B1965E}.Debug|Any CPU.Build.0 = Debug|Any CPU
		{33040C98-D977-4824-917C-DE1955B1965E}.Release|Any CPU.ActiveCfg = Release|Any CPU
		{33040C98-D977-4824-917C-DE1955B1965E}.Release|Any CPU.Build.0 = Release|Any CPU
		{83A286BF-823B-4011-96F9-C0626B0CCE71}.Debug|Any CPU.ActiveCfg = Debug|Any CPU
		{83A286BF-823B-4011-96F9-C0626B0CCE71}.Debug|Any CPU.Build.0 = Debug|Any CPU
		{83A286BF-823B-4011-96F9-C0626B0CCE71}.Release|Any CPU.ActiveCfg = Release|Any CPU
		{83A286BF-823B-4011-96F9-C0626B0CCE71}.Release|Any CPU.Build.0 = Release|Any CPU
		{D0247DB3-31A3-4302-B474-37B8C00DA204}.Debug|Any CPU.ActiveCfg = Debug|Any CPU
		{D0247DB3-31A3-4302-B474-37B8C00DA204}.Debug|Any CPU.Build.0 = Debug|Any CPU
		{D0247DB3-31A3-4302-B474-37B8C00DA204}.Release|Any CPU.ActiveCfg = Release|Any CPU
		{D0247DB3-31A3-4302-B474-37B8C00DA204}.Release|Any CPU.Build.0 = Release|Any CPU
		{86B792A1-6BC1-488C-96C1-2CD85690C258}.Debug|Any CPU.ActiveCfg = Debug|Any CPU
		{86B792A1-6BC1-488C-96C1-2CD85690C258}.Debug|Any CPU.Build.0 = Debug|Any CPU
		{86B792A1-6BC1-488C-96C1-2CD85690C258}.Release|Any CPU.ActiveCfg = Release|Any CPU
		{86B792A1-6BC1-488C-96C1-2CD85690C258}.Release|Any CPU.Build.0 = Release|Any CPU
		{E83FEAF0-6BB9-411B-AADC-EF9C13A4B33E}.Debug|Any CPU.ActiveCfg = Debug|Any CPU
		{E83FEAF0-6BB9-411B-AADC-EF9C13A4B33E}.Debug|Any CPU.Build.0 = Debug|Any CPU
		{E83FEAF0-6BB9-411B-AADC-EF9C13A4B33E}.Release|Any CPU.ActiveCfg = Release|Any CPU
		{E83FEAF0-6BB9-411B-AADC-EF9C13A4B33E}.Release|Any CPU.Build.0 = Release|Any CPU
		{6DF1E237-57A4-4072-B263-86E3BCB64F21}.Debug|Any CPU.ActiveCfg = Debug|Any CPU
		{6DF1E237-57A4-4072-B263-86E3BCB64F21}.Debug|Any CPU.Build.0 = Debug|Any CPU
		{6DF1E237-57A4-4072-B263-86E3BCB64F21}.Release|Any CPU.ActiveCfg = Release|Any CPU
		{6DF1E237-57A4-4072-B263-86E3BCB64F21}.Release|Any CPU.Build.0 = Release|Any CPU
		{89F11A4C-B3A5-41D9-96F6-5F87E8244BD9}.Debug|Any CPU.ActiveCfg = Debug|Any CPU
		{89F11A4C-B3A5-41D9-96F6-5F87E8244BD9}.Debug|Any CPU.Build.0 = Debug|Any CPU
		{89F11A4C-B3A5-41D9-96F6-5F87E8244BD9}.Release|Any CPU.ActiveCfg = Release|Any CPU
		{89F11A4C-B3A5-41D9-96F6-5F87E8244BD9}.Release|Any CPU.Build.0 = Release|Any CPU
		{EAA88AE6-D021-470B-A7B1-F169DF8E382B}.Debug|Any CPU.ActiveCfg = Debug|Any CPU
		{EAA88AE6-D021-470B-A7B1-F169DF8E382B}.Debug|Any CPU.Build.0 = Debug|Any CPU
		{EAA88AE6-D021-470B-A7B1-F169DF8E382B}.Release|Any CPU.ActiveCfg = Release|Any CPU
		{EAA88AE6-D021-470B-A7B1-F169DF8E382B}.Release|Any CPU.Build.0 = Release|Any CPU
		{748A121B-6DDE-4C99-A7FE-ED97B81AF0C1}.Debug|Any CPU.ActiveCfg = Debug|Any CPU
		{748A121B-6DDE-4C99-A7FE-ED97B81AF0C1}.Debug|Any CPU.Build.0 = Debug|Any CPU
		{748A121B-6DDE-4C99-A7FE-ED97B81AF0C1}.Release|Any CPU.ActiveCfg = Release|Any CPU
		{748A121B-6DDE-4C99-A7FE-ED97B81AF0C1}.Release|Any CPU.Build.0 = Release|Any CPU
	EndGlobalSection
	GlobalSection(SolutionProperties) = preSolution
		HideSolutionNode = FALSE
	EndGlobalSection
	GlobalSection(NestedProjects) = preSolution
		{5843B398-CF35-46E4-9E5D-382EC52DFC48} = {AFEAA4F5-3D0D-4251-8AFD-8D61D4B4DB94}
		{FD27858A-C094-49D0-82B2-3EC60447ECA3} = {AFEAA4F5-3D0D-4251-8AFD-8D61D4B4DB94}
		{E2573644-33CF-4180-9334-7EA6E6421C51} = {9FDB9EB2-5B28-4352-B576-E64DE1C6A9A2}
		{1692008E-0F1B-449A-A1A1-EF3E5C40394E} = {9FDB9EB2-5B28-4352-B576-E64DE1C6A9A2}
		{2AA9D9BE-A13C-426A-B0B6-BC00F9042AB2} = {9FDB9EB2-5B28-4352-B576-E64DE1C6A9A2}
		{33040C98-D977-4824-917C-DE1955B1965E} = {9FDB9EB2-5B28-4352-B576-E64DE1C6A9A2}
		{83A286BF-823B-4011-96F9-C0626B0CCE71} = {E90FEC8F-BFA6-421D-BAF4-A344C27BEBA0}
		{D0247DB3-31A3-4302-B474-37B8C00DA204} = {9FDB9EB2-5B28-4352-B576-E64DE1C6A9A2}
		{86B792A1-6BC1-488C-96C1-2CD85690C258} = {9FDB9EB2-5B28-4352-B576-E64DE1C6A9A2}
		{E83FEAF0-6BB9-411B-AADC-EF9C13A4B33E} = {AFEAA4F5-3D0D-4251-8AFD-8D61D4B4DB94}
		{6DF1E237-57A4-4072-B263-86E3BCB64F21} = {AFEAA4F5-3D0D-4251-8AFD-8D61D4B4DB94}
		{89F11A4C-B3A5-41D9-96F6-5F87E8244BD9} = {DF4AA9EC-FDBD-4805-988B-65CF4152AF55}
		{EAA88AE6-D021-470B-A7B1-F169DF8E382B} = {DF4AA9EC-FDBD-4805-988B-65CF4152AF55}
		{748A121B-6DDE-4C99-A7FE-ED97B81AF0C1} = {DF4AA9EC-FDBD-4805-988B-65CF4152AF55}
	EndGlobalSection
EndGlobal
