
Microsoft Visual Studio Solution File, Format Version 12.00
# Visual Studio 14
VisualStudioVersion = 14.0.25420.1
MinimumVisualStudioVersion = 10.0.40219.1
Project("{2150E333-8FDC-42A3-9474-1A3956D46DE8}") = "1- Infrastructure（基础层）", "1- Infrastructure（基础层）", "{AFEAA4F5-3D0D-4251-8AFD-8D61D4B4DB94}"
EndProject
Project("{2150E333-8FDC-42A3-9474-1A3956D46DE8}") = "2- Core (核心层)", "2- Core (核心层)", "{9FDB9EB2-5B28-4352-B576-E64DE1C6A9A2}"
EndProject
Project("{2150E333-8FDC-42A3-9474-1A3956D46DE8}") = "3- Application (应用层)", "3- Application (应用层)", "{DF4AA9EC-FDBD-4805-988B-65CF4152AF55}"
EndProject
Project("{2150E333-8FDC-42A3-9474-1A3956D46DE8}") = "4- Presentation (展现层)", "4- Presentation (展现层)", "{7A277E54-2A4C-4793-AC60-89A6C8EC37DA}"
EndProject
Project("{FAE04EC0-301F-11D3-BF4B-00C04F79EFBC}") = "GanGao.Component.Data", "GanGao.Component.Data\GanGao.Component.Data.csproj", "{5843B398-CF35-46E4-9E5D-382EC52DFC48}"
EndProject
Project("{FAE04EC0-301F-11D3-BF4B-00C04F79EFBC}") = "GanGao.Component.Tools", "GanGao.Component.Tools\GanGao.Component.Tools.csproj", "{FD27858A-C094-49D0-82B2-3EC60447ECA3}"
EndProject
Global
	GlobalSection(SolutionConfigurationPlatforms) = preSolution
		Debug|Any CPU = Debug|Any CPU
		Release|Any CPU = Release|Any CPU
	EndGlobalSection
	GlobalSection(ProjectConfigurationPlatforms) = postSolution
		{5843B398-CF35-46E4-9E5D-382EC52DFC48}.Debug|Any CPU.ActiveCfg = Debug|Any CPU
		{5843B398-CF35-46E4-9E5D-382EC52DFC48}.Debug|Any CPU.Build.0 = Debug|Any CPU
		{5843B398-CF35-46E4-9E5D-382EC52DFC48}.Release|Any CPU.ActiveCfg = Release|Any CPU
		{5843B398-CF35-46E4-9E5D-382EC52DFC48}.Release|Any CPU.Build.0 = Release|Any CPU
		{FD27858A-C094-49D0-82B2-3EC60447ECA3}.Debug|Any CPU.ActiveCfg = Debug|Any CPU
		{FD27858A-C094-49D0-82B2-3EC60447ECA3}.Debug|Any CPU.Build.0 = Debug|Any CPU
		{FD27858A-C094-49D0-82B2-3EC60447ECA3}.Release|Any CPU.ActiveCfg = Release|Any CPU
		{FD27858A-C094-49D0-82B2-3EC60447ECA3}.Release|Any CPU.Build.0 = Release|Any CPU
	EndGlobalSection
	GlobalSection(SolutionProperties) = preSolution
		HideSolutionNode = FALSE
	EndGlobalSection
	GlobalSection(NestedProjects) = preSolution
		{5843B398-CF35-46E4-9E5D-382EC52DFC48} = {AFEAA4F5-3D0D-4251-8AFD-8D61D4B4DB94}
		{FD27858A-C094-49D0-82B2-3EC60447ECA3} = {AFEAA4F5-3D0D-4251-8AFD-8D61D4B4DB94}
	EndGlobalSection
EndGlobal
